// !$*UTF8*$!
{
	archiveVersion = 1;
	classes = {
	};
	objectVersion = 46;
	objects = {

/* Begin PBXBuildFile section */
		7C0285F81D4B430A00F688ED /* UITableView+CellLine.m in Sources */ = {isa = PBXBuildFile; fileRef = 7C0285F71D4B430A00F688ED /* UITableView+CellLine.m */; };
		7C02860E1D4CF12700F688ED /* NSArray+HelperKit.m in Sources */ = {isa = PBXBuildFile; fileRef = 7C02860D1D4CF12700F688ED /* NSArray+HelperKit.m */; };
		7C0286111D4CF55900F688ED /* NSString+HelperKit.m in Sources */ = {isa = PBXBuildFile; fileRef = 7C0286101D4CF55900F688ED /* NSString+HelperKit.m */; };
		7C4A8FBD1D475DC300717F5F /* UIView+HelperKit.m in Sources */ = {isa = PBXBuildFile; fileRef = 7C4A8FBC1D475DC300717F5F /* UIView+HelperKit.m */; };
		7C4A8FC01D4765D300717F5F /* UIDevice+HelperKit.m in Sources */ = {isa = PBXBuildFile; fileRef = 7C4A8FBF1D4765D300717F5F /* UIDevice+HelperKit.m */; };
		7C4D1E3A1D475AF1007CC4C3 /* main.m in Sources */ = {isa = PBXBuildFile; fileRef = 7C4D1E391D475AF1007CC4C3 /* main.m */; };
		7C4D1E3D1D475AF1007CC4C3 /* AppDelegate.m in Sources */ = {isa = PBXBuildFile; fileRef = 7C4D1E3C1D475AF1007CC4C3 /* AppDelegate.m */; };
		7C4D1E401D475AF1007CC4C3 /* ViewController.m in Sources */ = {isa = PBXBuildFile; fileRef = 7C4D1E3F1D475AF1007CC4C3 /* ViewController.m */; };
		7C4D1E431D475AF1007CC4C3 /* Main.storyboard in Resources */ = {isa = PBXBuildFile; fileRef = 7C4D1E411D475AF1007CC4C3 /* Main.storyboard */; };
		7C4D1E451D475AF1007CC4C3 /* Assets.xcassets in Resources */ = {isa = PBXBuildFile; fileRef = 7C4D1E441D475AF1007CC4C3 /* Assets.xcassets */; };
		7C4D1E481D475AF1007CC4C3 /* LaunchScreen.storyboard in Resources */ = {isa = PBXBuildFile; fileRef = 7C4D1E461D475AF1007CC4C3 /* LaunchScreen.storyboard */; };
		7C4D1E531D475AF1007CC4C3 /* ProjectBaseTests.m in Sources */ = {isa = PBXBuildFile; fileRef = 7C4D1E521D475AF1007CC4C3 /* ProjectBaseTests.m */; };
		7C4D1E5E1D475AF1007CC4C3 /* ProjectBaseUITests.m in Sources */ = {isa = PBXBuildFile; fileRef = 7C4D1E5D1D475AF1007CC4C3 /* ProjectBaseUITests.m */; };
		7C66DEBB1D47706000D802BA /* UIColor+HelperKit.m in Sources */ = {isa = PBXBuildFile; fileRef = 7C66DEBA1D47706000D802BA /* UIColor+HelperKit.m */; };
		7CBE8C1F1D50C31D0032A162 /* NSDate+HelperKit.m in Sources */ = {isa = PBXBuildFile; fileRef = 7CBE8C1E1D50C31D0032A162 /* NSDate+HelperKit.m */; };
		7CCE2BD61D49D8A600F87AF4 /* UIImageView+HelperKit.m in Sources */ = {isa = PBXBuildFile; fileRef = 7CCE2BD51D49D8A600F87AF4 /* UIImageView+HelperKit.m */; };
		7CF044911D519060006AE4C6 /* EaseBlankPage.m in Sources */ = {isa = PBXBuildFile; fileRef = 7CF044901D519060006AE4C6 /* EaseBlankPage.m */; };
		7CF9DC861D48A668003DD4AC /* UIFont+HelperKit.m in Sources */ = {isa = PBXBuildFile; fileRef = 7CF9DC851D48A668003DD4AC /* UIFont+HelperKit.m */; };
		7CF9DC891D48A7C4003DD4AC /* UIImage+HelperKit.m in Sources */ = {isa = PBXBuildFile; fileRef = 7CF9DC881D48A7C4003DD4AC /* UIImage+HelperKit.m */; };
		EBAA470A8D18FF73976CDEB2 /* libPods-ProjectBase.a in Frameworks */ = {isa = PBXBuildFile; fileRef = 0265058B2F75F9DF26F47379 /* libPods-ProjectBase.a */; };
/* End PBXBuildFile section */

/* Begin PBXContainerItemProxy section */
		7C4D1E4F1D475AF1007CC4C3 /* PBXContainerItemProxy */ = {
			isa = PBXContainerItemProxy;
			containerPortal = 7C4D1E2D1D475AF1007CC4C3 /* Project object */;
			proxyType = 1;
			remoteGlobalIDString = 7C4D1E341D475AF1007CC4C3;
			remoteInfo = ProjectBase;
		};
		7C4D1E5A1D475AF1007CC4C3 /* PBXContainerItemProxy */ = {
			isa = PBXContainerItemProxy;
			containerPortal = 7C4D1E2D1D475AF1007CC4C3 /* Project object */;
			proxyType = 1;
			remoteGlobalIDString = 7C4D1E341D475AF1007CC4C3;
			remoteInfo = ProjectBase;
		};
/* End PBXContainerItemProxy section */

/* Begin PBXFileReference section */
		0265058B2F75F9DF26F47379 /* libPods-ProjectBase.a */ = {isa = PBXFileReference; explicitFileType = archive.ar; includeInIndex = 0; path = "libPods-ProjectBase.a"; sourceTree = BUILT_PRODUCTS_DIR; };
		7C0285F61D4B430A00F688ED /* UITableView+CellLine.h */ = {isa = PBXFileReference; fileEncoding = 4; lastKnownFileType = sourcecode.c.h; path = "UITableView+CellLine.h"; sourceTree = "<group>"; };
		7C0285F71D4B430A00F688ED /* UITableView+CellLine.m */ = {isa = PBXFileReference; fileEncoding = 4; lastKnownFileType = sourcecode.c.objc; path = "UITableView+CellLine.m"; sourceTree = "<group>"; };
		7C0286071D4CEF1500F688ED /* Macros.h */ = {isa = PBXFileReference; fileEncoding = 4; lastKnownFileType = sourcecode.c.h; path = Macros.h; sourceTree = "<group>"; };
		7C02860A1D4CEF2300F688ED /* ProjectBase.pch */ = {isa = PBXFileReference; fileEncoding = 4; lastKnownFileType = sourcecode.c.h; path = ProjectBase.pch; sourceTree = "<group>"; };
		7C02860C1D4CF12700F688ED /* NSArray+HelperKit.h */ = {isa = PBXFileReference; fileEncoding = 4; lastKnownFileType = sourcecode.c.h; path = "NSArray+HelperKit.h"; sourceTree = "<group>"; };
		7C02860D1D4CF12700F688ED /* NSArray+HelperKit.m */ = {isa = PBXFileReference; fileEncoding = 4; lastKnownFileType = sourcecode.c.objc; path = "NSArray+HelperKit.m"; sourceTree = "<group>"; };
		7C02860F1D4CF55900F688ED /* NSString+HelperKit.h */ = {isa = PBXFileReference; fileEncoding = 4; lastKnownFileType = sourcecode.c.h; path = "NSString+HelperKit.h"; sourceTree = "<group>"; };
		7C0286101D4CF55900F688ED /* NSString+HelperKit.m */ = {isa = PBXFileReference; fileEncoding = 4; lastKnownFileType = sourcecode.c.objc; path = "NSString+HelperKit.m"; sourceTree = "<group>"; };
		7C4A8FBB1D475DC300717F5F /* UIView+HelperKit.h */ = {isa = PBXFileReference; fileEncoding = 4; lastKnownFileType = sourcecode.c.h; path = "UIView+HelperKit.h"; sourceTree = "<group>"; };
		7C4A8FBC1D475DC300717F5F /* UIView+HelperKit.m */ = {isa = PBXFileReference; fileEncoding = 4; lastKnownFileType = sourcecode.c.objc; path = "UIView+HelperKit.m"; sourceTree = "<group>"; };
		7C4A8FBE1D4765D300717F5F /* UIDevice+HelperKit.h */ = {isa = PBXFileReference; fileEncoding = 4; lastKnownFileType = sourcecode.c.h; path = "UIDevice+HelperKit.h"; sourceTree = "<group>"; };
		7C4A8FBF1D4765D300717F5F /* UIDevice+HelperKit.m */ = {isa = PBXFileReference; fileEncoding = 4; lastKnownFileType = sourcecode.c.objc; path = "UIDevice+HelperKit.m"; sourceTree = "<group>"; };
		7C4D1E351D475AF1007CC4C3 /* ProjectBase.app */ = {isa = PBXFileReference; explicitFileType = wrapper.application; includeInIndex = 0; path = ProjectBase.app; sourceTree = BUILT_PRODUCTS_DIR; };
		7C4D1E391D475AF1007CC4C3 /* main.m */ = {isa = PBXFileReference; lastKnownFileType = sourcecode.c.objc; path = main.m; sourceTree = "<group>"; };
		7C4D1E3B1D475AF1007CC4C3 /* AppDelegate.h */ = {isa = PBXFileReference; lastKnownFileType = sourcecode.c.h; path = AppDelegate.h; sourceTree = "<group>"; };
		7C4D1E3C1D475AF1007CC4C3 /* AppDelegate.m */ = {isa = PBXFileReference; lastKnownFileType = sourcecode.c.objc; path = AppDelegate.m; sourceTree = "<group>"; };
		7C4D1E3E1D475AF1007CC4C3 /* ViewController.h */ = {isa = PBXFileReference; lastKnownFileType = sourcecode.c.h; path = ViewController.h; sourceTree = "<group>"; };
		7C4D1E3F1D475AF1007CC4C3 /* ViewController.m */ = {isa = PBXFileReference; lastKnownFileType = sourcecode.c.objc; path = ViewController.m; sourceTree = "<group>"; };
		7C4D1E421D475AF1007CC4C3 /* Base */ = {isa = PBXFileReference; lastKnownFileType = file.storyboard; name = Base; path = Base.lproj/Main.storyboard; sourceTree = "<group>"; };
		7C4D1E441D475AF1007CC4C3 /* Assets.xcassets */ = {isa = PBXFileReference; lastKnownFileType = folder.assetcatalog; path = Assets.xcassets; sourceTree = "<group>"; };
		7C4D1E471D475AF1007CC4C3 /* Base */ = {isa = PBXFileReference; lastKnownFileType = file.storyboard; name = Base; path = Base.lproj/LaunchScreen.storyboard; sourceTree = "<group>"; };
		7C4D1E491D475AF1007CC4C3 /* Info.plist */ = {isa = PBXFileReference; lastKnownFileType = text.plist.xml; path = Info.plist; sourceTree = "<group>"; };
		7C4D1E4E1D475AF1007CC4C3 /* ProjectBaseTests.xctest */ = {isa = PBXFileReference; explicitFileType = wrapper.cfbundle; includeInIndex = 0; path = ProjectBaseTests.xctest; sourceTree = BUILT_PRODUCTS_DIR; };
		7C4D1E521D475AF1007CC4C3 /* ProjectBaseTests.m */ = {isa = PBXFileReference; lastKnownFileType = sourcecode.c.objc; path = ProjectBaseTests.m; sourceTree = "<group>"; };
		7C4D1E541D475AF1007CC4C3 /* Info.plist */ = {isa = PBXFileReference; lastKnownFileType = text.plist.xml; path = Info.plist; sourceTree = "<group>"; };
		7C4D1E591D475AF1007CC4C3 /* ProjectBaseUITests.xctest */ = {isa = PBXFileReference; explicitFileType = wrapper.cfbundle; includeInIndex = 0; path = ProjectBaseUITests.xctest; sourceTree = BUILT_PRODUCTS_DIR; };
		7C4D1E5D1D475AF1007CC4C3 /* ProjectBaseUITests.m */ = {isa = PBXFileReference; lastKnownFileType = sourcecode.c.objc; path = ProjectBaseUITests.m; sourceTree = "<group>"; };
		7C4D1E5F1D475AF1007CC4C3 /* Info.plist */ = {isa = PBXFileReference; lastKnownFileType = text.plist.xml; path = Info.plist; sourceTree = "<group>"; };
		7C66DEB91D47706000D802BA /* UIColor+HelperKit.h */ = {isa = PBXFileReference; fileEncoding = 4; lastKnownFileType = sourcecode.c.h; path = "UIColor+HelperKit.h"; sourceTree = "<group>"; };
		7C66DEBA1D47706000D802BA /* UIColor+HelperKit.m */ = {isa = PBXFileReference; fileEncoding = 4; lastKnownFileType = sourcecode.c.objc; path = "UIColor+HelperKit.m"; sourceTree = "<group>"; };
		7CBE8C1D1D50C31D0032A162 /* NSDate+HelperKit.h */ = {isa = PBXFileReference; fileEncoding = 4; lastKnownFileType = sourcecode.c.h; path = "NSDate+HelperKit.h"; sourceTree = "<group>"; };
		7CBE8C1E1D50C31D0032A162 /* NSDate+HelperKit.m */ = {isa = PBXFileReference; fileEncoding = 4; lastKnownFileType = sourcecode.c.objc; path = "NSDate+HelperKit.m"; sourceTree = "<group>"; };
		7CCE2BD41D49D8A600F87AF4 /* UIImageView+HelperKit.h */ = {isa = PBXFileReference; fileEncoding = 4; lastKnownFileType = sourcecode.c.h; path = "UIImageView+HelperKit.h"; sourceTree = "<group>"; };
		7CCE2BD51D49D8A600F87AF4 /* UIImageView+HelperKit.m */ = {isa = PBXFileReference; fileEncoding = 4; lastKnownFileType = sourcecode.c.objc; path = "UIImageView+HelperKit.m"; sourceTree = "<group>"; };
		7CF0448F1D519060006AE4C6 /* EaseBlankPage.h */ = {isa = PBXFileReference; fileEncoding = 4; lastKnownFileType = sourcecode.c.h; path = EaseBlankPage.h; sourceTree = "<group>"; };
		7CF044901D519060006AE4C6 /* EaseBlankPage.m */ = {isa = PBXFileReference; fileEncoding = 4; lastKnownFileType = sourcecode.c.objc; path = EaseBlankPage.m; sourceTree = "<group>"; };
		7CF044921D51969E006AE4C6 /* importFile.h */ = {isa = PBXFileReference; fileEncoding = 4; lastKnownFileType = sourcecode.c.h; path = importFile.h; sourceTree = "<group>"; };
		7CF9DC841D48A668003DD4AC /* UIFont+HelperKit.h */ = {isa = PBXFileReference; fileEncoding = 4; lastKnownFileType = sourcecode.c.h; path = "UIFont+HelperKit.h"; sourceTree = "<group>"; };
		7CF9DC851D48A668003DD4AC /* UIFont+HelperKit.m */ = {isa = PBXFileReference; fileEncoding = 4; lastKnownFileType = sourcecode.c.objc; path = "UIFont+HelperKit.m"; sourceTree = "<group>"; };
		7CF9DC871D48A7C4003DD4AC /* UIImage+HelperKit.h */ = {isa = PBXFileReference; fileEncoding = 4; lastKnownFileType = sourcecode.c.h; path = "UIImage+HelperKit.h"; sourceTree = "<group>"; };
		7CF9DC881D48A7C4003DD4AC /* UIImage+HelperKit.m */ = {isa = PBXFileReference; fileEncoding = 4; lastKnownFileType = sourcecode.c.objc; path = "UIImage+HelperKit.m"; sourceTree = "<group>"; };
		EEB7E6677247169333BCF65E /* Pods-ProjectBase.debug.xcconfig */ = {isa = PBXFileReference; includeInIndex = 1; lastKnownFileType = text.xcconfig; name = "Pods-ProjectBase.debug.xcconfig"; path = "Pods/Target Support Files/Pods-ProjectBase/Pods-ProjectBase.debug.xcconfig"; sourceTree = "<group>"; };
		F797F5F6C4BDD62594CE4842 /* Pods-ProjectBase.release.xcconfig */ = {isa = PBXFileReference; includeInIndex = 1; lastKnownFileType = text.xcconfig; name = "Pods-ProjectBase.release.xcconfig"; path = "Pods/Target Support Files/Pods-ProjectBase/Pods-ProjectBase.release.xcconfig"; sourceTree = "<group>"; };
/* End PBXFileReference section */

/* Begin PBXFrameworksBuildPhase section */
		7C4D1E321D475AF1007CC4C3 /* Frameworks */ = {
			isa = PBXFrameworksBuildPhase;
			buildActionMask = 2147483647;
			files = (
				EBAA470A8D18FF73976CDEB2 /* libPods-ProjectBase.a in Frameworks */,
			);
			runOnlyForDeploymentPostprocessing = 0;
		};
		7C4D1E4B1D475AF1007CC4C3 /* Frameworks */ = {
			isa = PBXFrameworksBuildPhase;
			buildActionMask = 2147483647;
			files = (
			);
			runOnlyForDeploymentPostprocessing = 0;
		};
		7C4D1E561D475AF1007CC4C3 /* Frameworks */ = {
			isa = PBXFrameworksBuildPhase;
			buildActionMask = 2147483647;
			files = (
			);
			runOnlyForDeploymentPostprocessing = 0;
		};
/* End PBXFrameworksBuildPhase section */

/* Begin PBXGroup section */
		78A30266657FCC2AF2FFEE90 /* Pods */ = {
			isa = PBXGroup;
			children = (
				EEB7E6677247169333BCF65E /* Pods-ProjectBase.debug.xcconfig */,
				F797F5F6C4BDD62594CE4842 /* Pods-ProjectBase.release.xcconfig */,
			);
			name = Pods;
			sourceTree = "<group>";
		};
		7BCA5D5C8F5747288FBC6628 /* Frameworks */ = {
			isa = PBXGroup;
			children = (
				0265058B2F75F9DF26F47379 /* libPods-ProjectBase.a */,
			);
			name = Frameworks;
			sourceTree = "<group>";
		};
		7C0286051D4CEF1500F688ED /* Expand */ = {
			isa = PBXGroup;
			children = (
				7C0286061D4CEF1500F688ED /* Macros */,
			);
			path = Expand;
			sourceTree = "<group>";
		};
		7C0286061D4CEF1500F688ED /* Macros */ = {
			isa = PBXGroup;
			children = (
				7C0286071D4CEF1500F688ED /* Macros.h */,
				7CF044921D51969E006AE4C6 /* importFile.h */,
			);
			path = Macros;
			sourceTree = "<group>";
		};
		7C0286081D4CEF2300F688ED /* Resource */ = {
			isa = PBXGroup;
			children = (
				7C0286091D4CEF2300F688ED /* PCH */,
			);
			path = Resource;
			sourceTree = "<group>";
		};
		7C0286091D4CEF2300F688ED /* PCH */ = {
			isa = PBXGroup;
			children = (
				7C02860A1D4CEF2300F688ED /* ProjectBase.pch */,
			);
			path = PCH;
			sourceTree = "<group>";
		};
		7C02860B1D4CF06000F688ED /* Foundation */ = {
			isa = PBXGroup;
			children = (
				7C02860C1D4CF12700F688ED /* NSArray+HelperKit.h */,
				7C02860D1D4CF12700F688ED /* NSArray+HelperKit.m */,
				7C02860F1D4CF55900F688ED /* NSString+HelperKit.h */,
				7C0286101D4CF55900F688ED /* NSString+HelperKit.m */,
				7CBE8C1D1D50C31D0032A162 /* NSDate+HelperKit.h */,
				7CBE8C1E1D50C31D0032A162 /* NSDate+HelperKit.m */,
			);
			path = Foundation;
			sourceTree = "<group>";
		};
		7C4A8FB91D475CB900717F5F /* Category */ = {
			isa = PBXGroup;
			children = (
				7C02860B1D4CF06000F688ED /* Foundation */,
				7C4A8FBA1D475D8300717F5F /* UIKit */,
			);
			path = Category;
			sourceTree = "<group>";
		};
		7C4A8FBA1D475D8300717F5F /* UIKit */ = {
			isa = PBXGroup;
			children = (
				7C4A8FBB1D475DC300717F5F /* UIView+HelperKit.h */,
				7C4A8FBC1D475DC300717F5F /* UIView+HelperKit.m */,
				7C4A8FBE1D4765D300717F5F /* UIDevice+HelperKit.h */,
				7C4A8FBF1D4765D300717F5F /* UIDevice+HelperKit.m */,
				7C66DEB91D47706000D802BA /* UIColor+HelperKit.h */,
				7C66DEBA1D47706000D802BA /* UIColor+HelperKit.m */,
				7CF9DC841D48A668003DD4AC /* UIFont+HelperKit.h */,
				7CF9DC851D48A668003DD4AC /* UIFont+HelperKit.m */,
				7CF9DC871D48A7C4003DD4AC /* UIImage+HelperKit.h */,
				7CF9DC881D48A7C4003DD4AC /* UIImage+HelperKit.m */,
				7CCE2BD41D49D8A600F87AF4 /* UIImageView+HelperKit.h */,
				7CCE2BD51D49D8A600F87AF4 /* UIImageView+HelperKit.m */,
				7C0285F61D4B430A00F688ED /* UITableView+CellLine.h */,
				7C0285F71D4B430A00F688ED /* UITableView+CellLine.m */,
			);
			path = UIKit;
			sourceTree = "<group>";
		};
		7C4D1E2C1D475AF1007CC4C3 = {
			isa = PBXGroup;
			children = (
				7C4D1E371D475AF1007CC4C3 /* ProjectBase */,
				7C4D1E511D475AF1007CC4C3 /* ProjectBaseTests */,
				7C4D1E5C1D475AF1007CC4C3 /* ProjectBaseUITests */,
				7C4D1E361D475AF1007CC4C3 /* Products */,
				78A30266657FCC2AF2FFEE90 /* Pods */,
				7BCA5D5C8F5747288FBC6628 /* Frameworks */,
			);
			sourceTree = "<group>";
		};
		7C4D1E361D475AF1007CC4C3 /* Products */ = {
			isa = PBXGroup;
			children = (
				7C4D1E351D475AF1007CC4C3 /* ProjectBase.app */,
				7C4D1E4E1D475AF1007CC4C3 /* ProjectBaseTests.xctest */,
				7C4D1E591D475AF1007CC4C3 /* ProjectBaseUITests.xctest */,
			);
			name = Products;
			sourceTree = "<group>";
		};
		7C4D1E371D475AF1007CC4C3 /* ProjectBase */ = {
			isa = PBXGroup;
			children = (
				7CBE8C1A1D508E9F0032A162 /* Libs */,
				7C4A8FB91D475CB900717F5F /* Category */,
				7C0286051D4CEF1500F688ED /* Expand */,
				7C0286081D4CEF2300F688ED /* Resource */,
				7C4D1E3B1D475AF1007CC4C3 /* AppDelegate.h */,
				7C4D1E3C1D475AF1007CC4C3 /* AppDelegate.m */,
				7C4D1E3E1D475AF1007CC4C3 /* ViewController.h */,
				7C4D1E3F1D475AF1007CC4C3 /* ViewController.m */,
				7C4D1E411D475AF1007CC4C3 /* Main.storyboard */,
				7C4D1E441D475AF1007CC4C3 /* Assets.xcassets */,
				7C4D1E461D475AF1007CC4C3 /* LaunchScreen.storyboard */,
				7C4D1E491D475AF1007CC4C3 /* Info.plist */,
				7C4D1E381D475AF1007CC4C3 /* Supporting Files */,
			);
			path = ProjectBase;
			sourceTree = "<group>";
		};
		7C4D1E381D475AF1007CC4C3 /* Supporting Files */ = {
			isa = PBXGroup;
			children = (
				7C4D1E391D475AF1007CC4C3 /* main.m */,
			);
			name = "Supporting Files";
			sourceTree = "<group>";
		};
		7C4D1E511D475AF1007CC4C3 /* ProjectBaseTests */ = {
			isa = PBXGroup;
			children = (
				7C4D1E521D475AF1007CC4C3 /* ProjectBaseTests.m */,
				7C4D1E541D475AF1007CC4C3 /* Info.plist */,
			);
			path = ProjectBaseTests;
			sourceTree = "<group>";
		};
		7C4D1E5C1D475AF1007CC4C3 /* ProjectBaseUITests */ = {
			isa = PBXGroup;
			children = (
				7C4D1E5D1D475AF1007CC4C3 /* ProjectBaseUITests.m */,
				7C4D1E5F1D475AF1007CC4C3 /* Info.plist */,
			);
			path = ProjectBaseUITests;
			sourceTree = "<group>";
		};
		7CBE8C1A1D508E9F0032A162 /* Libs */ = {
			isa = PBXGroup;
			children = (
				7CBE8C271D50E49B0032A162 /* EaseBlankPage(空白页提示) */,
			);
			path = Libs;
			sourceTree = "<group>";
		};
		7CBE8C271D50E49B0032A162 /* EaseBlankPage(空白页提示) */ = {
			isa = PBXGroup;
			children = (
				7CF0448F1D519060006AE4C6 /* EaseBlankPage.h */,
				7CF044901D519060006AE4C6 /* EaseBlankPage.m */,
			);
			path = "EaseBlankPage(空白页提示)";
			sourceTree = "<group>";
		};
/* End PBXGroup section */

/* Begin PBXNativeTarget section */
		7C4D1E341D475AF1007CC4C3 /* ProjectBase */ = {
			isa = PBXNativeTarget;
			buildConfigurationList = 7C4D1E621D475AF1007CC4C3 /* Build configuration list for PBXNativeTarget "ProjectBase" */;
			buildPhases = (
				E95556E175EE984092E8DF6F /* [CP] Check Pods Manifest.lock */,
				7C4D1E311D475AF1007CC4C3 /* Sources */,
				7C4D1E321D475AF1007CC4C3 /* Frameworks */,
				7C4D1E331D475AF1007CC4C3 /* Resources */,
				3084B0D57975BA7C07A3825F /* [CP] Embed Pods Frameworks */,
				6886AEBC92AC56A80218DC17 /* [CP] Copy Pods Resources */,
			);
			buildRules = (
			);
			dependencies = (
			);
			name = ProjectBase;
			productName = ProjectBase;
			productReference = 7C4D1E351D475AF1007CC4C3 /* ProjectBase.app */;
			productType = "com.apple.product-type.application";
		};
		7C4D1E4D1D475AF1007CC4C3 /* ProjectBaseTests */ = {
			isa = PBXNativeTarget;
			buildConfigurationList = 7C4D1E651D475AF1007CC4C3 /* Build configuration list for PBXNativeTarget "ProjectBaseTests" */;
			buildPhases = (
				7C4D1E4A1D475AF1007CC4C3 /* Sources */,
				7C4D1E4B1D475AF1007CC4C3 /* Frameworks */,
				7C4D1E4C1D475AF1007CC4C3 /* Resources */,
			);
			buildRules = (
			);
			dependencies = (
				7C4D1E501D475AF1007CC4C3 /* PBXTargetDependency */,
			);
			name = ProjectBaseTests;
			productName = ProjectBaseTests;
			productReference = 7C4D1E4E1D475AF1007CC4C3 /* ProjectBaseTests.xctest */;
			productType = "com.apple.product-type.bundle.unit-test";
		};
		7C4D1E581D475AF1007CC4C3 /* ProjectBaseUITests */ = {
			isa = PBXNativeTarget;
			buildConfigurationList = 7C4D1E681D475AF1007CC4C3 /* Build configuration list for PBXNativeTarget "ProjectBaseUITests" */;
			buildPhases = (
				7C4D1E551D475AF1007CC4C3 /* Sources */,
				7C4D1E561D475AF1007CC4C3 /* Frameworks */,
				7C4D1E571D475AF1007CC4C3 /* Resources */,
			);
			buildRules = (
			);
			dependencies = (
				7C4D1E5B1D475AF1007CC4C3 /* PBXTargetDependency */,
			);
			name = ProjectBaseUITests;
			productName = ProjectBaseUITests;
			productReference = 7C4D1E591D475AF1007CC4C3 /* ProjectBaseUITests.xctest */;
			productType = "com.apple.product-type.bundle.ui-testing";
		};
/* End PBXNativeTarget section */

/* Begin PBXProject section */
		7C4D1E2D1D475AF1007CC4C3 /* Project object */ = {
			isa = PBXProject;
			attributes = {
				LastUpgradeCheck = 0730;
				ORGANIZATIONNAME = "向云飞";
				TargetAttributes = {
					7C4D1E341D475AF1007CC4C3 = {
						CreatedOnToolsVersion = 7.3.1;
					};
					7C4D1E4D1D475AF1007CC4C3 = {
						CreatedOnToolsVersion = 7.3.1;
						TestTargetID = 7C4D1E341D475AF1007CC4C3;
					};
					7C4D1E581D475AF1007CC4C3 = {
						CreatedOnToolsVersion = 7.3.1;
						TestTargetID = 7C4D1E341D475AF1007CC4C3;
					};
				};
			};
			buildConfigurationList = 7C4D1E301D475AF1007CC4C3 /* Build configuration list for PBXProject "ProjectBase" */;
			compatibilityVersion = "Xcode 3.2";
			developmentRegion = English;
			hasScannedForEncodings = 0;
			knownRegions = (
				en,
				Base,
			);
			mainGroup = 7C4D1E2C1D475AF1007CC4C3;
			productRefGroup = 7C4D1E361D475AF1007CC4C3 /* Products */;
			projectDirPath = "";
			projectRoot = "";
			targets = (
				7C4D1E341D475AF1007CC4C3 /* ProjectBase */,
				7C4D1E4D1D475AF1007CC4C3 /* ProjectBaseTests */,
				7C4D1E581D475AF1007CC4C3 /* ProjectBaseUITests */,
			);
		};
/* End PBXProject section */

/* Begin PBXResourcesBuildPhase section */
		7C4D1E331D475AF1007CC4C3 /* Resources */ = {
			isa = PBXResourcesBuildPhase;
			buildActionMask = 2147483647;
			files = (
				7C4D1E481D475AF1007CC4C3 /* LaunchScreen.storyboard in Resources */,
				7C4D1E451D475AF1007CC4C3 /* Assets.xcassets in Resources */,
				7C4D1E431D475AF1007CC4C3 /* Main.storyboard in Resources */,
			);
			runOnlyForDeploymentPostprocessing = 0;
		};
		7C4D1E4C1D475AF1007CC4C3 /* Resources */ = {
			isa = PBXResourcesBuildPhase;
			buildActionMask = 2147483647;
			files = (
			);
			runOnlyForDeploymentPostprocessing = 0;
		};
		7C4D1E571D475AF1007CC4C3 /* Resources */ = {
			isa = PBXResourcesBuildPhase;
			buildActionMask = 2147483647;
			files = (
			);
			runOnlyForDeploymentPostprocessing = 0;
		};
/* End PBXResourcesBuildPhase section */

/* Begin PBXShellScriptBuildPhase section */
		3084B0D57975BA7C07A3825F /* [CP] Embed Pods Frameworks */ = {
			isa = PBXShellScriptBuildPhase;
			buildActionMask = 2147483647;
			files = (
			);
			inputPaths = (
			);
			name = "[CP] Embed Pods Frameworks";
			outputPaths = (
			);
			runOnlyForDeploymentPostprocessing = 0;
			shellPath = /bin/sh;
			shellScript = "\"${SRCROOT}/Pods/Target Support Files/Pods-ProjectBase/Pods-ProjectBase-frameworks.sh\"\n";
			showEnvVarsInLog = 0;
		};
		6886AEBC92AC56A80218DC17 /* [CP] Copy Pods Resources */ = {
			isa = PBXShellScriptBuildPhase;
			buildActionMask = 2147483647;
			files = (
			);
			inputPaths = (
			);
			name = "[CP] Copy Pods Resources";
			outputPaths = (
			);
			runOnlyForDeploymentPostprocessing = 0;
			shellPath = /bin/sh;
			shellScript = "\"${SRCROOT}/Pods/Target Support Files/Pods-ProjectBase/Pods-ProjectBase-resources.sh\"\n";
			showEnvVarsInLog = 0;
		};
		E95556E175EE984092E8DF6F /* [CP] Check Pods Manifest.lock */ = {
			isa = PBXShellScriptBuildPhase;
			buildActionMask = 2147483647;
			files = (
			);
			inputPaths = (
			);
			name = "[CP] Check Pods Manifest.lock";
			outputPaths = (
			);
			runOnlyForDeploymentPostprocessing = 0;
			shellPath = /bin/sh;
			shellScript = "diff \"${PODS_ROOT}/../Podfile.lock\" \"${PODS_ROOT}/Manifest.lock\" > /dev/null\nif [[ $? != 0 ]] ; then\n    cat << EOM\nerror: The sandbox is not in sync with the Podfile.lock. Run 'pod install' or update your CocoaPods installation.\nEOM\n    exit 1\nfi\n";
			showEnvVarsInLog = 0;
		};
/* End PBXShellScriptBuildPhase section */

/* Begin PBXSourcesBuildPhase section */
		7C4D1E311D475AF1007CC4C3 /* Sources */ = {
			isa = PBXSourcesBuildPhase;
			buildActionMask = 2147483647;
			files = (
				7CBE8C1F1D50C31D0032A162 /* NSDate+HelperKit.m in Sources */,
				7C4D1E401D475AF1007CC4C3 /* ViewController.m in Sources */,
				7CF9DC861D48A668003DD4AC /* UIFont+HelperKit.m in Sources */,
				7CF9DC891D48A7C4003DD4AC /* UIImage+HelperKit.m in Sources */,
				7C4A8FBD1D475DC300717F5F /* UIView+HelperKit.m in Sources */,
				7C66DEBB1D47706000D802BA /* UIColor+HelperKit.m in Sources */,
				7C4D1E3D1D475AF1007CC4C3 /* AppDelegate.m in Sources */,
				7C0286111D4CF55900F688ED /* NSString+HelperKit.m in Sources */,
				7C4A8FC01D4765D300717F5F /* UIDevice+HelperKit.m in Sources */,
				7C0285F81D4B430A00F688ED /* UITableView+CellLine.m in Sources */,
				7C4D1E3A1D475AF1007CC4C3 /* main.m in Sources */,
				7CF044911D519060006AE4C6 /* EaseBlankPage.m in Sources */,
				7C02860E1D4CF12700F688ED /* NSArray+HelperKit.m in Sources */,
				7CCE2BD61D49D8A600F87AF4 /* UIImageView+HelperKit.m in Sources */,
			);
			runOnlyForDeploymentPostprocessing = 0;
		};
		7C4D1E4A1D475AF1007CC4C3 /* Sources */ = {
			isa = PBXSourcesBuildPhase;
			buildActionMask = 2147483647;
			files = (
				7C4D1E531D475AF1007CC4C3 /* ProjectBaseTests.m in Sources */,
			);
			runOnlyForDeploymentPostprocessing = 0;
		};
		7C4D1E551D475AF1007CC4C3 /* Sources */ = {
			isa = PBXSourcesBuildPhase;
			buildActionMask = 2147483647;
			files = (
				7C4D1E5E1D475AF1007CC4C3 /* ProjectBaseUITests.m in Sources */,
			);
			runOnlyForDeploymentPostprocessing = 0;
		};
/* End PBXSourcesBuildPhase section */

/* Begin PBXTargetDependency section */
		7C4D1E501D475AF1007CC4C3 /* PBXTargetDependency */ = {
			isa = PBXTargetDependency;
			target = 7C4D1E341D475AF1007CC4C3 /* ProjectBase */;
			targetProxy = 7C4D1E4F1D475AF1007CC4C3 /* PBXContainerItemProxy */;
		};
		7C4D1E5B1D475AF1007CC4C3 /* PBXTargetDependency */ = {
			isa = PBXTargetDependency;
			target = 7C4D1E341D475AF1007CC4C3 /* ProjectBase */;
			targetProxy = 7C4D1E5A1D475AF1007CC4C3 /* PBXContainerItemProxy */;
		};
/* End PBXTargetDependency section */

/* Begin PBXVariantGroup section */
		7C4D1E411D475AF1007CC4C3 /* Main.storyboard */ = {
			isa = PBXVariantGroup;
			children = (
				7C4D1E421D475AF1007CC4C3 /* Base */,
			);
			name = Main.storyboard;
			sourceTree = "<group>";
		};
		7C4D1E461D475AF1007CC4C3 /* LaunchScreen.storyboard */ = {
			isa = PBXVariantGroup;
			children = (
				7C4D1E471D475AF1007CC4C3 /* Base */,
			);
			name = LaunchScreen.storyboard;
			sourceTree = "<group>";
		};
/* End PBXVariantGroup section */

/* Begin XCBuildConfiguration section */
		7C4D1E601D475AF1007CC4C3 /* Debug */ = {
			isa = XCBuildConfiguration;
			buildSettings = {
				ALWAYS_SEARCH_USER_PATHS = NO;
				CLANG_ANALYZER_NONNULL = YES;
				CLANG_CXX_LANGUAGE_STANDARD = "gnu++0x";
				CLANG_CXX_LIBRARY = "libc++";
				CLANG_ENABLE_MODULES = YES;
				CLANG_ENABLE_OBJC_ARC = YES;
				CLANG_WARN_BOOL_CONVERSION = YES;
				CLANG_WARN_CONSTANT_CONVERSION = YES;
				CLANG_WARN_DIRECT_OBJC_ISA_USAGE = YES_ERROR;
				CLANG_WARN_EMPTY_BODY = YES;
				CLANG_WARN_ENUM_CONVERSION = YES;
				CLANG_WARN_INT_CONVERSION = YES;
				CLANG_WARN_OBJC_ROOT_CLASS = YES_ERROR;
				CLANG_WARN_UNREACHABLE_CODE = YES;
				CLANG_WARN__DUPLICATE_METHOD_MATCH = YES;
				"CODE_SIGN_IDENTITY[sdk=iphoneos*]" = "iPhone Developer";
				COPY_PHASE_STRIP = NO;
				DEBUG_INFORMATION_FORMAT = dwarf;
				ENABLE_STRICT_OBJC_MSGSEND = YES;
				ENABLE_TESTABILITY = YES;
				GCC_C_LANGUAGE_STANDARD = gnu99;
				GCC_DYNAMIC_NO_PIC = NO;
				GCC_NO_COMMON_BLOCKS = YES;
				GCC_OPTIMIZATION_LEVEL = 0;
				GCC_PREPROCESSOR_DEFINITIONS = (
					"DEBUG=1",
					"$(inherited)",
				);
				GCC_WARN_64_TO_32_BIT_CONVERSION = YES;
				GCC_WARN_ABOUT_RETURN_TYPE = YES_ERROR;
				GCC_WARN_UNDECLARED_SELECTOR = YES;
				GCC_WARN_UNINITIALIZED_AUTOS = YES_AGGRESSIVE;
				GCC_WARN_UNUSED_FUNCTION = YES;
				GCC_WARN_UNUSED_VARIABLE = YES;
				IPHONEOS_DEPLOYMENT_TARGET = 9.3;
				MTL_ENABLE_DEBUG_INFO = YES;
				ONLY_ACTIVE_ARCH = YES;
				SDKROOT = iphoneos;
			};
			name = Debug;
		};
		7C4D1E611D475AF1007CC4C3 /* Release */ = {
			isa = XCBuildConfiguration;
			buildSettings = {
				ALWAYS_SEARCH_USER_PATHS = NO;
				CLANG_ANALYZER_NONNULL = YES;
				CLANG_CXX_LANGUAGE_STANDARD = "gnu++0x";
				CLANG_CXX_LIBRARY = "libc++";
				CLANG_ENABLE_MODULES = YES;
				CLANG_ENABLE_OBJC_ARC = YES;
				CLANG_WARN_BOOL_CONVERSION = YES;
				CLANG_WARN_CONSTANT_CONVERSION = YES;
				CLANG_WARN_DIRECT_OBJC_ISA_USAGE = YES_ERROR;
				CLANG_WARN_EMPTY_BODY = YES;
				CLANG_WARN_ENUM_CONVERSION = YES;
				CLANG_WARN_INT_CONVERSION = YES;
				CLANG_WARN_OBJC_ROOT_CLASS = YES_ERROR;
				CLANG_WARN_UNREACHABLE_CODE = YES;
				CLANG_WARN__DUPLICATE_METHOD_MATCH = YES;
				"CODE_SIGN_IDENTITY[sdk=iphoneos*]" = "iPhone Developer";
				COPY_PHASE_STRIP = NO;
				DEBUG_INFORMATION_FORMAT = "dwarf-with-dsym";
				ENABLE_NS_ASSERTIONS = NO;
				ENABLE_STRICT_OBJC_MSGSEND = YES;
				GCC_C_LANGUAGE_STANDARD = gnu99;
				GCC_NO_COMMON_BLOCKS = YES;
				GCC_WARN_64_TO_32_BIT_CONVERSION = YES;
				GCC_WARN_ABOUT_RETURN_TYPE = YES_ERROR;
				GCC_WARN_UNDECLARED_SELECTOR = YES;
				GCC_WARN_UNINITIALIZED_AUTOS = YES_AGGRESSIVE;
				GCC_WARN_UNUSED_FUNCTION = YES;
				GCC_WARN_UNUSED_VARIABLE = YES;
				IPHONEOS_DEPLOYMENT_TARGET = 9.3;
				MTL_ENABLE_DEBUG_INFO = NO;
				SDKROOT = iphoneos;
				VALIDATE_PRODUCT = YES;
			};
			name = Release;
		};
		7C4D1E631D475AF1007CC4C3 /* Debug */ = {
			isa = XCBuildConfiguration;
			baseConfigurationReference = EEB7E6677247169333BCF65E /* Pods-ProjectBase.debug.xcconfig */;
			buildSettings = {
				ASSETCATALOG_COMPILER_APPICON_NAME = AppIcon;
				CODE_SIGN_IDENTITY = "iPhone Developer";
				GCC_PRECOMPILE_PREFIX_HEADER = YES;
				GCC_PREFIX_HEADER = "$(SRCROOT)/ProjectBase/Resource/PCH/ProjectBase.pch";
				INFOPLIST_FILE = ProjectBase/Info.plist;
				IPHONEOS_DEPLOYMENT_TARGET = 8.0;
				LD_RUNPATH_SEARCH_PATHS = "$(inherited) @executable_path/Frameworks";
				PRODUCT_BUNDLE_IDENTIFIER = com.xiangyunfei.www.ProjectBase;
				PRODUCT_NAME = "$(TARGET_NAME)";
				TARGETED_DEVICE_FAMILY = "1,2";
			};
			name = Debug;
		};
		7C4D1E641D475AF1007CC4C3 /* Release */ = {
			isa = XCBuildConfiguration;
			baseConfigurationReference = F797F5F6C4BDD62594CE4842 /* Pods-ProjectBase.release.xcconfig */;
			buildSettings = {
				ASSETCATALOG_COMPILER_APPICON_NAME = AppIcon;
				CODE_SIGN_IDENTITY = "iPhone Developer";
				GCC_PRECOMPILE_PREFIX_HEADER = YES;
				GCC_PREFIX_HEADER = "$(SRCROOT)/ProjectBase/Resource/PCH/ProjectBase.pch";
				INFOPLIST_FILE = ProjectBase/Info.plist;
				IPHONEOS_DEPLOYMENT_TARGET = 8.0;
				LD_RUNPATH_SEARCH_PATHS = "$(inherited) @executable_path/Frameworks";
				PRODUCT_BUNDLE_IDENTIFIER = com.xiangyunfei.www.ProjectBase;
				PRODUCT_NAME = "$(TARGET_NAME)";
				TARGETED_DEVICE_FAMILY = "1,2";
			};
			name = Release;
		};
		7C4D1E661D475AF1007CC4C3 /* Debug */ = {
			isa = XCBuildConfiguration;
			buildSettings = {
				BUNDLE_LOADER = "$(TEST_HOST)";
				INFOPLIST_FILE = ProjectBaseTests/Info.plist;
				LD_RUNPATH_SEARCH_PATHS = "$(inherited) @executable_path/Frameworks @loader_path/Frameworks";
				PRODUCT_BUNDLE_IDENTIFIER = com.xiangyunfei.www.ProjectBaseTests;
				PRODUCT_NAME = "$(TARGET_NAME)";
				TEST_HOST = "$(BUILT_PRODUCTS_DIR)/ProjectBase.app/ProjectBase";
			};
			name = Debug;
		};
		7C4D1E671D475AF1007CC4C3 /* Release */ = {
			isa = XCBuildConfiguration;
			buildSettings = {
				BUNDLE_LOADER = "$(TEST_HOST)";
				INFOPLIST_FILE = ProjectBaseTests/Info.plist;
				LD_RUNPATH_SEARCH_PATHS = "$(inherited) @executable_path/Frameworks @loader_path/Frameworks";
				PRODUCT_BUNDLE_IDENTIFIER = com.xiangyunfei.www.ProjectBaseTests;
				PRODUCT_NAME = "$(TARGET_NAME)";
				TEST_HOST = "$(BUILT_PRODUCTS_DIR)/ProjectBase.app/ProjectBase";
			};
			name = Release;
		};
		7C4D1E691D475AF1007CC4C3 /* Debug */ = {
			isa = XCBuildConfiguration;
			buildSettings = {
				INFOPLIST_FILE = ProjectBaseUITests/Info.plist;
				LD_RUNPATH_SEARCH_PATHS = "$(inherited) @executable_path/Frameworks @loader_path/Frameworks";
				PRODUCT_BUNDLE_IDENTIFIER = com.xiangyunfei.www.ProjectBaseUITests;
				PRODUCT_NAME = "$(TARGET_NAME)";
				TEST_TARGET_NAME = ProjectBase;
			};
			name = Debug;
		};
		7C4D1E6A1D475AF1007CC4C3 /* Release */ = {
			isa = XCBuildConfiguration;
			buildSettings = {
				INFOPLIST_FILE = ProjectBaseUITests/Info.plist;
				LD_RUNPATH_SEARCH_PATHS = "$(inherited) @executable_path/Frameworks @loader_path/Frameworks";
				PRODUCT_BUNDLE_IDENTIFIER = com.xiangyunfei.www.ProjectBaseUITests;
				PRODUCT_NAME = "$(TARGET_NAME)";
				TEST_TARGET_NAME = ProjectBase;
			};
			name = Release;
		};
/* End XCBuildConfiguration section */

/* Begin XCConfigurationList section */
		7C4D1E301D475AF1007CC4C3 /* Build configuration list for PBXProject "ProjectBase" */ = {
			isa = XCConfigurationList;
			buildConfigurations = (
				7C4D1E601D475AF1007CC4C3 /* Debug */,
				7C4D1E611D475AF1007CC4C3 /* Release */,
			);
			defaultConfigurationIsVisible = 0;
			defaultConfigurationName = Release;
		};
		7C4D1E621D475AF1007CC4C3 /* Build configuration list for PBXNativeTarget "ProjectBase" */ = {
			isa = XCConfigurationList;
			buildConfigurations = (
				7C4D1E631D475AF1007CC4C3 /* Debug */,
				7C4D1E641D475AF1007CC4C3 /* Release */,
			);
			defaultConfigurationIsVisible = 0;
			defaultConfigurationName = Release;
		};
		7C4D1E651D475AF1007CC4C3 /* Build configuration list for PBXNativeTarget "ProjectBaseTests" */ = {
			isa = XCConfigurationList;
			buildConfigurations = (
				7C4D1E661D475AF1007CC4C3 /* Debug */,
				7C4D1E671D475AF1007CC4C3 /* Release */,
			);
			defaultConfigurationIsVisible = 0;
			defaultConfigurationName = Release;
		};
		7C4D1E681D475AF1007CC4C3 /* Build configuration list for PBXNativeTarget "ProjectBaseUITests" */ = {
			isa = XCConfigurationList;
			buildConfigurations = (
				7C4D1E691D475AF1007CC4C3 /* Debug */,
				7C4D1E6A1D475AF1007CC4C3 /* Release */,
			);
			defaultConfigurationIsVisible = 0;
			defaultConfigurationName = Release;
		};
/* End XCConfigurationList section */
	};
	rootObject = 7C4D1E2D1D475AF1007CC4C3 /* Project object */;
}
